
Microsoft Visual Studio Solution File, Format Version 11.00
# Visual C++ Express 2010
Project("{8BC9CEB8-8B4A-11D0-8D11-00A0C91BC942}") = "flconsole", "flconsole.vcxproj", "{EF4BF3A7-551B-7CE0-D874-CB9DF381C1D1}"
EndProject
Global
	GlobalSection(SolutionConfigurationPlatforms) = preSolution
		Debug|Win32 = Debug|Win32
		Release|Win32 = Release|Win32
	EndGlobalSection
	GlobalSection(ProjectConfigurationPlatforms) = postSolution
		{EF4BF3A7-551B-7CE0-D874-CB9DF381C1D1}.Debug|Win32.ActiveCfg = Debug|Win32
		{EF4BF3A7-551B-7CE0-D874-CB9DF381C1D1}.Debug|Win32.Build.0 = Debug|Win32
		{EF4BF3A7-551B-7CE0-D874-CB9DF381C1D1}.Release|Win32.ActiveCfg = Release|Win32
		{EF4BF3A7-551B-7CE0-D874-CB9DF381C1D1}.Release|Win32.Build.0 = Release|Win32
	EndGlobalSection
	GlobalSection(SolutionProperties) = preSolution
		HideSolutionNode = FALSE
	EndGlobalSection
EndGlobal
