
Microsoft Visual Studio Solution File, Format Version 11.00
# Visual C++ Express 2010
Project("{8BC9CEB8-8B4A-11D0-8D11-00A0C91BC942}") = "flconsole", "flconsole.vcxproj", "{0EA265A8-6227-C237-A3E9-D27B02950625}"
EndProject
Global
	GlobalSection(SolutionConfigurationPlatforms) = preSolution
		Debug|Win32 = Debug|Win32
		Release|Win32 = Release|Win32
	EndGlobalSection
	GlobalSection(ProjectConfigurationPlatforms) = postSolution
		{0EA265A8-6227-C237-A3E9-D27B02950625}.Debug|Win32.ActiveCfg = Debug|Win32
		{0EA265A8-6227-C237-A3E9-D27B02950625}.Debug|Win32.Build.0 = Debug|Win32
		{0EA265A8-6227-C237-A3E9-D27B02950625}.Release|Win32.ActiveCfg = Release|Win32
		{0EA265A8-6227-C237-A3E9-D27B02950625}.Release|Win32.Build.0 = Release|Win32
	EndGlobalSection
	GlobalSection(SolutionProperties) = preSolution
		HideSolutionNode = FALSE
	EndGlobalSection
EndGlobal
